{
    "_readme": [
        "This file locks the dependencies of your project to a known state",
        "Read more about it at https://getcomposer.org/doc/01-basic-usage.md#composer-lock-the-lock-file",
        "This file is @generated automatically"
    ],
    "hash": "579f7e38310587a964eae669e536683e",
    "content-hash": "5799647f46df930c57d6232b92a2f0fb",
    "packages": [
        {
            "name": "consolidation/cgr",
            "version": "dev-master",
            "source": {
                "type": "git",
                "url": "https://github.com/consolidation/cgr.git",
                "reference": "860d6aff55b15dfbae307a030c4d06cf69711486"
            },
            "dist": {
                "type": "zip",
                "url": "https://api.github.com/repos/consolidation/cgr/zipball/860d6aff55b15dfbae307a030c4d06cf69711486",
                "reference": "860d6aff55b15dfbae307a030c4d06cf69711486",
                "shasum": ""
            },
            "require": {
                "php": "^5.3.2 || ^7.0"
            },
            "require-dev": {
                "phpunit/phpunit": "4.*",
                "satooshi/php-coveralls": "^1.0",
                "squizlabs/php_codesniffer": "2.*"
            },
            "bin": [
                "bin/cgr"
            ],
            "type": "project",
            "extra": {
                "branch-alias": {
                    "dev-master": "1.x-dev"
                }
            },
            "autoload": {
                "psr-4": {
                    "Consolidation\\Cgr\\": "src"
                }
            },
            "notification-url": "https://packagist.org/downloads/",
            "license": [
                "MIT"
            ],
            "authors": [
                {
                    "name": "Greg Anderson",
                    "email": "greg.1.anderson@greenknowe.org"
                }
            ],
            "description": "Safer alternative to 'composer global require'.",
            "keywords": [
                "composer",
                "package"
            ],
            "time": "2016-10-21 15:07:02"
        },
        {
            "name": "hirak/prestissimo",
            "version": "0.3.4",
            "source": {
                "type": "git",
                "url": "https://github.com/hirak/prestissimo.git",
                "reference": "3a9facbf4e1130f81eacf5a16a256186a3047dff"
            },
            "dist": {
                "type": "zip",
                "url": "https://api.github.com/repos/hirak/prestissimo/zipball/3a9facbf4e1130f81eacf5a16a256186a3047dff",
                "reference": "3a9facbf4e1130f81eacf5a16a256186a3047dff",
                "shasum": ""
            },
            "require": {
                "composer-plugin-api": "^1.0.0",
                "ext-curl": "*",
                "php": "^5.3.2 || ^7.0"
            },
            "require-dev": {
                "composer/composer": "1.0.0",
                "phpunit/phpunit": "^4.8",
                "squizlabs/php_codesniffer": "^2.5"
            },
            "type": "composer-plugin",
            "extra": {
                "class": "Hirak\\Prestissimo\\Plugin"
            },
            "autoload": {
                "psr-4": {
                    "Hirak\\Prestissimo\\": "src/"
                }
            },
            "notification-url": "https://packagist.org/downloads/",
            "license": [
                "MIT"
            ],
            "authors": [
                {
                    "name": "Hiraku NAKANO",
                    "email": "hiraku@tojiru.net"
                }
            ],
            "description": "composer parallel install plugin",
            "keywords": [
                "install",
                "parallel",
                "speedup"
            ],
            "time": "2016-07-21 23:47:17"
        }
    ],
    "packages-dev": [],
    "aliases": [],
    "minimum-stability": "dev",
    "stability-flags": [],
    "prefer-stable": false,
    "prefer-lowest": false,
    "platform": [],
    "platform-dev": []
}
