{
    "_readme": [
        "This file locks the dependencies of your project to a known state",
        "Read more about it at https://getcomposer.org/doc/01-basic-usage.md#composer-lock-the-lock-file",
        "This file is @generated automatically"
    ],
    "content-hash": "da963981bcb237b66d9edf02b18a2fde",
    "packages": [
        {
            "name": "consolidation/cgr",
            "version": "dev-master",
            "source": {
                "type": "git",
                "url": "https://github.com/consolidation/cgr.git",
                "reference": "2211ff2df10d7af4c5ed975f5a5ba306ff3fde76"
            },
            "dist": {
                "type": "zip",
                "url": "https://api.github.com/repos/consolidation/cgr/zipball/2211ff2df10d7af4c5ed975f5a5ba306ff3fde76",
                "reference": "2211ff2df10d7af4c5ed975f5a5ba306ff3fde76",
                "shasum": ""
            },
            "require": {
                "php": "^5.3.2 || ^7.0"
            },
            "require-dev": {
                "phpunit/phpunit": "4.*",
                "satooshi/php-coveralls": "^1.0",
                "squizlabs/php_codesniffer": "2.*"
            },
            "bin": [
                "bin/cgr"
            ],
            "type": "project",
            "extra": {
                "branch-alias": {
                    "dev-master": "2.x-dev"
                }
            },
            "autoload": {
                "psr-4": {
                    "Consolidation\\Cgr\\": "src"
                }
            },
            "notification-url": "https://packagist.org/downloads/",
            "license": [
                "MIT"
            ],
            "authors": [
                {
                    "name": "Greg Anderson",
                    "email": "greg.1.anderson@greenknowe.org"
                }
            ],
            "description": "Safer alternative to 'composer global require'.",
            "keywords": [
                "composer",
                "package"
            ],
            "time": "2017-03-14 00:04:39"
        },
        {
            "name": "hirak/prestissimo",
            "version": "0.3.5",
            "source": {
                "type": "git",
                "url": "https://github.com/hirak/prestissimo.git",
                "reference": "abfc45c609b049c488f894251d2ea4a4e4bfa01e"
            },
            "dist": {
                "type": "zip",
                "url": "https://api.github.com/repos/hirak/prestissimo/zipball/abfc45c609b049c488f894251d2ea4a4e4bfa01e",
                "reference": "abfc45c609b049c488f894251d2ea4a4e4bfa01e",
                "shasum": ""
            },
            "require": {
                "composer-plugin-api": "^1.0.0",
                "ext-curl": "*",
                "php": "^5.3.2 || ^7.0"
            },
            "require-dev": {
                "composer/composer": "1.0.0",
                "phpunit/phpunit": "^4.8",
                "squizlabs/php_codesniffer": "^2.5"
            },
            "type": "composer-plugin",
            "extra": {
                "class": "Hirak\\Prestissimo\\Plugin"
            },
            "autoload": {
                "psr-4": {
                    "Hirak\\Prestissimo\\": "src/"
                }
            },
            "notification-url": "https://packagist.org/downloads/",
            "license": [
                "MIT"
            ],
            "authors": [
                {
                    "name": "Hiraku NAKANO",
                    "email": "hiraku@tojiru.net"
                }
            ],
            "description": "composer parallel install plugin",
            "keywords": [
                "install",
                "parallel",
                "speedup"
            ],
            "time": "2016-11-24T11:22:00+00:00"
        }
    ],
    "packages-dev": [],
    "aliases": [],
    "minimum-stability": "dev",
    "stability-flags": [],
    "prefer-stable": false,
    "prefer-lowest": false,
    "platform": [],
    "platform-dev": []
}
